# @generated by Move, please check-in and do not edit manually.

[move]
version = 3
manifest_digest = "4E401D685A15BA719E914A317C844842748272B06584313FCCFDB572020C8C93"
deps_digest = "F8BBB0CCB2491CA29A3DF03D6F92277A4F3574266507ACD77214D37ECA3F3082"
dependencies = [
  { id = "Sui", name = "Sui" },
]

[[move.package]]
id = "MoveStdlib"
source = { git = "https://github.com/MystenLabs/sui.git", rev = "framework/testnet", subdir = "crates/sui-framework/packages/move-stdlib" }

[[move.package]]
id = "Sui"
source = { git = "https://github.com/MystenLabs/sui.git", rev = "framework/testnet", subdir = "crates/sui-framework/packages/sui-framework" }

dependencies = [
  { id = "MoveStdlib", name = "MoveStdlib" },
]

[move.toolchain-version]
compiler-version = "1.49.2"
edition = "2024.beta"
flavor = "sui"

[env]

[env.mainnet]
chain-id = "35834a8a"
original-published-id = "0x5e8763d1e718b3e42ee68bdb5ee86ec9f79cf8be2955a1cb51416a4a4c6ad707"
latest-published-id = "0x5e8763d1e718b3e42ee68bdb5ee86ec9f79cf8be2955a1cb51416a4a4c6ad707"
published-version = "1"

[env.testnet]
chain-id = "4c78adac"
original-published-id = "0xc9a3c98acd306b3928c61d78569d570d0c3828a940cd680da2e2b5a76a9b272c"
latest-published-id = "0xc9a3c98acd306b3928c61d78569d570d0c3828a940cd680da2e2b5a76a9b272c"
published-version = "1"
